
Microsoft Visual Studio Solution File, Format Version 12.00
# Visual Studio 15
VisualStudioVersion = 15.0.28010.2019
MinimumVisualStudioVersion = 10.0.40219.1
Project("{9A19103F-16F7-4668-BE54-9A1E7A4F7556}") = "yate", "src\yate\yate.csproj", "{C216E927-8404-4363-8C05-9A993FC208ED}"
EndProject
Project("{9A19103F-16F7-4668-BE54-9A1E7A4F7556}") = "ystatus", "src\ystatus\ystatus.csproj", "{5F5D16AC-0FAF-4234-9E68-EA39724D36F7}"
EndProject
Project("{9A19103F-16F7-4668-BE54-9A1E7A4F7556}") = "ystatus.redis", "src\ystatus.redis\ystatus.redis.csproj", "{1647487C-4B57-4E91-90BF-2D06EC064561}"
EndProject
Project("{9A19103F-16F7-4668-BE54-9A1E7A4F7556}") = "yate.test", "test\yate.test\yate.test.csproj", "{D2D89E7A-2D75-49D6-AFAD-129BF38A19CE}"
EndProject
Project("{FAE04EC0-301F-11D3-BF4B-00C04F79EFBC}") = "yate.benchmark", "yate.benchmark\yate.benchmark.csproj", "{0BF65DDB-2C9F-4A5F-983C-589FFB87BE0F}"
EndProject
Global
	GlobalSection(SolutionConfigurationPlatforms) = preSolution
		Debug|Any CPU = Debug|Any CPU
		Release|Any CPU = Release|Any CPU
	EndGlobalSection
	GlobalSection(ProjectConfigurationPlatforms) = postSolution
		{C216E927-8404-4363-8C05-9A993FC208ED}.Debug|Any CPU.ActiveCfg = Debug|Any CPU
		{C216E927-8404-4363-8C05-9A993FC208ED}.Debug|Any CPU.Build.0 = Debug|Any CPU
		{C216E927-8404-4363-8C05-9A993FC208ED}.Release|Any CPU.ActiveCfg = Release|Any CPU
		{C216E927-8404-4363-8C05-9A993FC208ED}.Release|Any CPU.Build.0 = Release|Any CPU
		{5F5D16AC-0FAF-4234-9E68-EA39724D36F7}.Debug|Any CPU.ActiveCfg = Debug|Any CPU
		{5F5D16AC-0FAF-4234-9E68-EA39724D36F7}.Debug|Any CPU.Build.0 = Debug|Any CPU
		{5F5D16AC-0FAF-4234-9E68-EA39724D36F7}.Release|Any CPU.ActiveCfg = Release|Any CPU
		{5F5D16AC-0FAF-4234-9E68-EA39724D36F7}.Release|Any CPU.Build.0 = Release|Any CPU
		{1647487C-4B57-4E91-90BF-2D06EC064561}.Debug|Any CPU.ActiveCfg = Debug|Any CPU
		{1647487C-4B57-4E91-90BF-2D06EC064561}.Debug|Any CPU.Build.0 = Debug|Any CPU
		{1647487C-4B57-4E91-90BF-2D06EC064561}.Release|Any CPU.ActiveCfg = Release|Any CPU
		{1647487C-4B57-4E91-90BF-2D06EC064561}.Release|Any CPU.Build.0 = Release|Any CPU
		{D2D89E7A-2D75-49D6-AFAD-129BF38A19CE}.Debug|Any CPU.ActiveCfg = Debug|Any CPU
		{D2D89E7A-2D75-49D6-AFAD-129BF38A19CE}.Debug|Any CPU.Build.0 = Debug|Any CPU
		{D2D89E7A-2D75-49D6-AFAD-129BF38A19CE}.Release|Any CPU.ActiveCfg = Release|Any CPU
		{D2D89E7A-2D75-49D6-AFAD-129BF38A19CE}.Release|Any CPU.Build.0 = Release|Any CPU
		{0BF65DDB-2C9F-4A5F-983C-589FFB87BE0F}.Debug|Any CPU.ActiveCfg = Debug|Any CPU
		{0BF65DDB-2C9F-4A5F-983C-589FFB87BE0F}.Debug|Any CPU.Build.0 = Debug|Any CPU
		{0BF65DDB-2C9F-4A5F-983C-589FFB87BE0F}.Release|Any CPU.ActiveCfg = Release|Any CPU
		{0BF65DDB-2C9F-4A5F-983C-589FFB87BE0F}.Release|Any CPU.Build.0 = Release|Any CPU
	EndGlobalSection
	GlobalSection(SolutionProperties) = preSolution
		HideSolutionNode = FALSE
	EndGlobalSection
	GlobalSection(ExtensibilityGlobals) = postSolution
		SolutionGuid = {45C4728D-BE84-4BD5-B061-7C5F04ABBE07}
	EndGlobalSection
EndGlobal
